
Microsoft Visual Studio Solution File, Format Version 12.00
# Visual Studio 15
VisualStudioVersion = 15.0.28307.421
MinimumVisualStudioVersion = 10.0.40219.1
Project("{2150E333-8FDC-42A3-9474-1A3956D46DE8}") = "Missions.Mars", "Missions.Mars", "{325D07A1-9BA9-4C20-8E3A-93A875610DEC}"
EndProject
Project("{FAE04EC0-301F-11D3-BF4B-00C04F79EFBC}") = "Nasa.Missions.Mars.DomainModel", "src\Nasa.Missions.Mars.DomanModel\Nasa.Missions.Mars.DomainModel.csproj", "{EA9630BA-D76F-4C99-9316-664E64AB3328}"
EndProject
Project("{FAE04EC0-301F-11D3-BF4B-00C04F79EFBC}") = "Nasa.Missions.Mars.ConsoleLine", "src\Nasa.Missions.Mars.ConsoleLine\Nasa.Missions.Mars.ConsoleLine.csproj", "{23F4D6BF-C953-4BAA-B013-745556545BA1}"
EndProject
Global
	GlobalSection(SolutionConfigurationPlatforms) = preSolution
		Debug|Any CPU = Debug|Any CPU
		Release|Any CPU = Release|Any CPU
	EndGlobalSection
	GlobalSection(ProjectConfigurationPlatforms) = postSolution
		{EA9630BA-D76F-4C99-9316-664E64AB3328}.Debug|Any CPU.ActiveCfg = Debug|Any CPU
		{EA9630BA-D76F-4C99-9316-664E64AB3328}.Debug|Any CPU.Build.0 = Debug|Any CPU
		{EA9630BA-D76F-4C99-9316-664E64AB3328}.Release|Any CPU.ActiveCfg = Release|Any CPU
		{EA9630BA-D76F-4C99-9316-664E64AB3328}.Release|Any CPU.Build.0 = Release|Any CPU
		{23F4D6BF-C953-4BAA-B013-745556545BA1}.Debug|Any CPU.ActiveCfg = Debug|Any CPU
		{23F4D6BF-C953-4BAA-B013-745556545BA1}.Debug|Any CPU.Build.0 = Debug|Any CPU
		{23F4D6BF-C953-4BAA-B013-745556545BA1}.Release|Any CPU.ActiveCfg = Release|Any CPU
		{23F4D6BF-C953-4BAA-B013-745556545BA1}.Release|Any CPU.Build.0 = Release|Any CPU
	EndGlobalSection
	GlobalSection(SolutionProperties) = preSolution
		HideSolutionNode = FALSE
	EndGlobalSection
	GlobalSection(NestedProjects) = preSolution
		{EA9630BA-D76F-4C99-9316-664E64AB3328} = {325D07A1-9BA9-4C20-8E3A-93A875610DEC}
		{23F4D6BF-C953-4BAA-B013-745556545BA1} = {325D07A1-9BA9-4C20-8E3A-93A875610DEC}
	EndGlobalSection
	GlobalSection(ExtensibilityGlobals) = postSolution
		SolutionGuid = {709EEC17-307A-4758-A438-8CF0A6CE943D}
	EndGlobalSection
EndGlobal
